{
    "_meta": {
        "hash": {
            "sha256": "32b861319eb9e25383fa1369a23a6207b7f6b1ac7d73e3d5269755e53dadf1d4"
        },
        "pipfile-spec": 6,
        "requires": {
            "python_version": "3.8"
        },
        "sources": [
            {
                "name": "pypi",
                "url": "https://pypi.org/simple",
                "verify_ssl": true
            }
        ]
    },
    "default": {
        "appscript": {
            "hashes": [
                "sha256:18da093e20b0e73b7be95bbb0b0944c07c332c314e3db0a8799823e0d3496f54",
                "sha256:6ebf85e59e7b4c7014a2cfc8465b15c8d0177f7dce9bd073e44e2bc211d15b47",
                "sha256:8f634853ed3c9b823e3a8d5615fedade98d64d0a89443c2fa8f8d1f08a5e134e",
                "sha256:acecd8d998da8eb29e9f4db61d0f699a7f68036029d6a67c2e484123fbe3ffe4",
                "sha256:fb389bd3d5ff3ac7d9623a3fd6b7d7813ea1c616755c93828a1d69dbd407f5f3"
            ],
            "index": "pypi",
            "version": "==1.1.1"
        }
    },
    "develop": {}
}
